
Microsoft Visual Studio Solution File, Format Version 12.00
Project("{FAE04EC0-301F-11D3-BF4B-00C04F79EFBC}") = "Ozon.ReportProvider.Api", "src\Ozon.ReportProvider.Api\Ozon.ReportProvider.Api.csproj", "{BD40078C-9CEB-460B-B150-1C11B8171BC8}"
EndProject
Project("{2150E333-8FDC-42A3-9474-1A3956D46DE8}") = "src", "src", "{D39E1E5F-A3D4-457B-991E-2F8D8E5769EA}"
EndProject
Project("{2150E333-8FDC-42A3-9474-1A3956D46DE8}") = "tests", "tests", "{98C35A54-EE7D-4F64-9E41-29F8BA7979A7}"
EndProject
Project("{FAE04EC0-301F-11D3-BF4B-00C04F79EFBC}") = "Ozon.ReportProvider.Proto", "src\Ozon.ReportProvider.Proto\Ozon.ReportProvider.Proto.csproj", "{89AB5A1E-7F38-4B95-A33E-749D38AA683D}"
EndProject
Project("{2150E333-8FDC-42A3-9474-1A3956D46DE8}") = "common", "common", "{209AE764-8812-4720-AF3E-30C0D0D4EC89}"
	ProjectSection(SolutionItems) = preProject
		Directory.Packages.props = Directory.Packages.props
		Directory.Build.props = Directory.Build.props
		.gitignore = .gitignore
	EndProjectSection
EndProject
Global
	GlobalSection(SolutionConfigurationPlatforms) = preSolution
		Debug|Any CPU = Debug|Any CPU
		Release|Any CPU = Release|Any CPU
	EndGlobalSection
	GlobalSection(ProjectConfigurationPlatforms) = postSolution
		{BD40078C-9CEB-460B-B150-1C11B8171BC8}.Debug|Any CPU.ActiveCfg = Debug|Any CPU
		{BD40078C-9CEB-460B-B150-1C11B8171BC8}.Debug|Any CPU.Build.0 = Debug|Any CPU
		{BD40078C-9CEB-460B-B150-1C11B8171BC8}.Release|Any CPU.ActiveCfg = Release|Any CPU
		{BD40078C-9CEB-460B-B150-1C11B8171BC8}.Release|Any CPU.Build.0 = Release|Any CPU
		{89AB5A1E-7F38-4B95-A33E-749D38AA683D}.Debug|Any CPU.ActiveCfg = Debug|Any CPU
		{89AB5A1E-7F38-4B95-A33E-749D38AA683D}.Debug|Any CPU.Build.0 = Debug|Any CPU
		{89AB5A1E-7F38-4B95-A33E-749D38AA683D}.Release|Any CPU.ActiveCfg = Release|Any CPU
		{89AB5A1E-7F38-4B95-A33E-749D38AA683D}.Release|Any CPU.Build.0 = Release|Any CPU
	EndGlobalSection
	GlobalSection(NestedProjects) = preSolution
		{BD40078C-9CEB-460B-B150-1C11B8171BC8} = {D39E1E5F-A3D4-457B-991E-2F8D8E5769EA}
		{89AB5A1E-7F38-4B95-A33E-749D38AA683D} = {D39E1E5F-A3D4-457B-991E-2F8D8E5769EA}
	EndGlobalSection
EndGlobal
